
Microsoft Visual Studio Solution File, Format Version 12.00
# Visual Studio Version 16
VisualStudioVersion = 16.0.30804.86
MinimumVisualStudioVersion = 10.0.40219.1
Project("{FAE04EC0-301F-11D3-BF4B-00C04F79EFBC}") = "AutoMapperDI", "AutoMapperDI.csproj", "{634EB4F6-3FED-41D5-831A-DB86AC07EE8E}"
EndProject
Global
	GlobalSection(SolutionConfigurationPlatforms) = preSolution
		Debug|Any CPU = Debug|Any CPU
		Release|Any CPU = Release|Any CPU
	EndGlobalSection
	GlobalSection(ProjectConfigurationPlatforms) = postSolution
		{634EB4F6-3FED-41D5-831A-DB86AC07EE8E}.Debug|Any CPU.ActiveCfg = Debug|Any CPU
		{634EB4F6-3FED-41D5-831A-DB86AC07EE8E}.Debug|Any CPU.Build.0 = Debug|Any CPU
		{634EB4F6-3FED-41D5-831A-DB86AC07EE8E}.Release|Any CPU.ActiveCfg = Release|Any CPU
		{634EB4F6-3FED-41D5-831A-DB86AC07EE8E}.Release|Any CPU.Build.0 = Release|Any CPU
	EndGlobalSection
	GlobalSection(SolutionProperties) = preSolution
		HideSolutionNode = FALSE
	EndGlobalSection
	GlobalSection(ExtensibilityGlobals) = postSolution
		SolutionGuid = {AA4AEF8F-4429-4F28-8ACC-8B428C9DE7BE}
	EndGlobalSection
EndGlobal
